lockfileVersion: '6.0'

settings:
  autoInstallPeers: true
  excludeLinksFromLockfile: false

dependencies:
  '@ethereumjs/block':
    specifier: ^5.1.1
    version: 5.1.1
  '@ethereumjs/common':
    specifier: ^4.2.0
    version: 4.2.0
  '@ethereumjs/evm':
    specifier: ^2.2.1
    version: 2.2.1
  '@ethereumjs/rlp':
    specifier: ^5.0.2
    version: 5.0.2
  '@ethereumjs/trie':
    specifier: ^6.1.1
    version: 6.1.1
  '@ethereumjs/util':
    specifier: ^9.0.2
    version: 9.0.2
  '@ethereumjs/vm':
    specifier: ^7.2.1
    version: 7.2.1
  viem:
    specifier: ^2.7.14
    version: 2.7.14(typescript@5.3.3)

devDependencies:
  '@types/node':
    specifier: ^20.11.20
    version: 20.11.20
  typescript:
    specifier: ^5.3.3
    version: 5.3.3

packages:

  /@adraffy/ens-normalize@1.10.0:
    resolution: {integrity: sha512-nA9XHtlAkYfJxY7bce8DcN7eKxWWCWkU+1GR9d+U6MbNpfwQp8TI7vqOsBsMcHoT4mBu2kypKoSKnghEzOOq5Q==}
    dev: false

  /@ethereumjs/block@5.1.1:
    resolution: {integrity: sha512-YRu5vzL+cCqr/0anGkgrMB/wLGmIbFrwLRFazAIXijb0VkxPqjWI2fMLhB4B8pOV6Xlp07jfjr25fLOAIzYYqA==}
    engines: {node: '>=18'}
    dependencies:
      '@ethereumjs/common': 4.2.0
      '@ethereumjs/rlp': 5.0.2
      '@ethereumjs/trie': 6.1.1
      '@ethereumjs/tx': 5.2.1
      '@ethereumjs/util': 9.0.2
      ethereum-cryptography: 2.1.3
    transitivePeerDependencies:
      - c-kzg
      - supports-color
    dev: false

  /@ethereumjs/blockchain@7.1.0:
    resolution: {integrity: sha512-wqHZdlnjAwwH+AH6IBjSs7uQ/2UhEfFRs79OfPN8XHBoCGxCikSgjvN6v7XWl8nHUdfZFQk6LpEVkruNx5wF3A==}
    engines: {node: '>=18'}
    dependencies:
      '@ethereumjs/block': 5.1.1
      '@ethereumjs/common': 4.2.0
      '@ethereumjs/ethash': 3.0.2
      '@ethereumjs/rlp': 5.0.2
      '@ethereumjs/trie': 6.1.1
      '@ethereumjs/tx': 5.2.1
      '@ethereumjs/util': 9.0.2
      debug: 4.3.4
      ethereum-cryptography: 2.1.3
      lru-cache: 10.2.0
    transitivePeerDependencies:
      - c-kzg
      - supports-color
    dev: false

  /@ethereumjs/common@4.2.0:
    resolution: {integrity: sha512-UWqovZQksxEY9cU+s1cF3JwFyJdKrJsURM+ORHpZZLQfsqQf+1uGbD3N0AvQ7M+Jz/LxkiVY98+Cd3OMzsrOcA==}
    dependencies:
      '@ethereumjs/util': 9.0.2
    transitivePeerDependencies:
      - c-kzg
    dev: false

  /@ethereumjs/ethash@3.0.2:
    resolution: {integrity: sha512-iJEH63xudwzSYxYb81RX2Mf2+Wkuu6P7ism29wpM7fxQE+pcI9S6V65CaITprH98SAZjuMrZU6ZGHDGbqolSkg==}
    engines: {node: '>=18'}
    dependencies:
      '@ethereumjs/block': 5.1.1
      '@ethereumjs/rlp': 5.0.2
      '@ethereumjs/util': 9.0.2
      bigint-crypto-utils: 3.3.0
      ethereum-cryptography: 2.1.3
    transitivePeerDependencies:
      - c-kzg
      - supports-color
    dev: false

  /@ethereumjs/evm@2.2.1:
    resolution: {integrity: sha512-equF3QqssDgfZyVDEoMqJUsMCjO9SwgFdpUTc7yHFOU74X43l/MHM+Cqdey+wcBhdU2yOwD9S2AbW6wh7tDYfQ==}
    engines: {node: '>=18'}
    dependencies:
      '@ethereumjs/common': 4.2.0
      '@ethereumjs/statemanager': 2.2.2
      '@ethereumjs/tx': 5.2.1
      '@ethereumjs/util': 9.0.2
      '@types/debug': 4.1.12
      debug: 4.3.4
      ethereum-cryptography: 2.1.3
      rustbn-wasm: 0.2.0
    transitivePeerDependencies:
      - c-kzg
      - supports-color
    dev: false

  /@ethereumjs/rlp@5.0.2:
    resolution: {integrity: sha512-DziebCdg4JpGlEqEdGgXmjqcFoJi+JGulUXwEjsZGAscAQ7MyD/7LE/GVCP29vEQxKc7AAwjT3A2ywHp2xfoCA==}
    engines: {node: '>=18'}
    hasBin: true
    dev: false

  /@ethereumjs/statemanager@2.2.2:
    resolution: {integrity: sha512-4CxZgsL0M3hePXEQjrvXasGrGxGNMhURWb6i0UPCynPogR9PT7AD1pq80IYJ5vSd5PvIqvw7BtqSOgJGdQrBHw==}
    dependencies:
      '@ethereumjs/common': 4.2.0
      '@ethereumjs/rlp': 5.0.2
      '@ethereumjs/trie': 6.1.1
      '@ethereumjs/util': 9.0.2
      '@ethereumjs/verkle': 0.0.1
      debug: 4.3.4
      ethereum-cryptography: 2.1.3
      js-sdsl: 4.4.2
      lru-cache: 10.2.0
    transitivePeerDependencies:
      - c-kzg
      - supports-color
    dev: false

  /@ethereumjs/trie@6.1.1:
    resolution: {integrity: sha512-FwHnyUok4cDTueOfIarE4n0QJs3mFjSnSENMgsd07HzL5oEuxal3aN51MBP392czj5mordNCim1YVP4oE14I3A==}
    engines: {node: '>=18'}
    dependencies:
      '@ethereumjs/rlp': 5.0.2
      '@ethereumjs/util': 9.0.2
      '@types/readable-stream': 2.3.15
      debug: 4.3.4
      ethereum-cryptography: 2.1.3
      lru-cache: 10.2.0
      readable-stream: 3.6.2
    transitivePeerDependencies:
      - c-kzg
      - supports-color
    dev: false

  /@ethereumjs/tx@5.2.1:
    resolution: {integrity: sha512-BzdtUaa7KtP8T5NxJWRxo/RBoJzxYeCdx2n2C4zZLuWJBYVccfcyMiyDgr6W78Utmu/jIfGXknfh2t06+rTkiw==}
    engines: {node: '>=18'}
    peerDependencies:
      c-kzg: ^2.1.2
    peerDependenciesMeta:
      c-kzg:
        optional: true
    dependencies:
      '@ethereumjs/common': 4.2.0
      '@ethereumjs/rlp': 5.0.2
      '@ethereumjs/util': 9.0.2
      ethereum-cryptography: 2.1.3
    dev: false

  /@ethereumjs/util@9.0.2:
    resolution: {integrity: sha512-dasKCj6Vb5spVPnNmRDFHmbfBySvokE440F0RDroPLzO4Mb4hyDqeoOMUxlbLz/BscK2pOpWUendGA+AOvGpNQ==}
    engines: {node: '>=18'}
    peerDependencies:
      c-kzg: ^2.1.2
    peerDependenciesMeta:
      c-kzg:
        optional: true
    dependencies:
      '@ethereumjs/rlp': 5.0.2
      ethereum-cryptography: 2.1.3
    dev: false

  /@ethereumjs/verkle@0.0.1:
    resolution: {integrity: sha512-w1FXJV8t+1yAbSR5n9kpuS6tN4+XXyptWYdSKFdHNQAt9Ie2H5leaEL2ufClA6B6KxaF8FMyMe/VhHn8xdw+uQ==}
    engines: {node: '>=18'}
    dependencies:
      '@ethereumjs/rlp': 5.0.2
      '@ethereumjs/util': 9.0.2
      lru-cache: 10.2.0
      rust-verkle-wasm: 0.0.1
    transitivePeerDependencies:
      - c-kzg
    dev: false

  /@ethereumjs/vm@7.2.1:
    resolution: {integrity: sha512-exmyhDPlfiBtV/nIPY7gE5iu3QC62F7hf/fALLgQaUS8ezxmJQG2MRaFI1eqYwvsAhfNBfst7K6KcCE4jbGbhw==}
    engines: {node: '>=18'}
    dependencies:
      '@ethereumjs/block': 5.1.1
      '@ethereumjs/blockchain': 7.1.0
      '@ethereumjs/common': 4.2.0
      '@ethereumjs/evm': 2.2.1
      '@ethereumjs/rlp': 5.0.2
      '@ethereumjs/statemanager': 2.2.2
      '@ethereumjs/trie': 6.1.1
      '@ethereumjs/tx': 5.2.1
      '@ethereumjs/util': 9.0.2
      debug: 4.3.4
      ethereum-cryptography: 2.1.3
    transitivePeerDependencies:
      - c-kzg
      - supports-color
    dev: false

  /@noble/curves@1.2.0:
    resolution: {integrity: sha512-oYclrNgRaM9SsBUBVbb8M6DTV7ZHRTKugureoYEncY5c65HOmRzvSiTE3y5CYaPYJA/GVkrhXEoF0M3Ya9PMnw==}
    dependencies:
      '@noble/hashes': 1.3.2
    dev: false

  /@noble/curves@1.3.0:
    resolution: {integrity: sha512-t01iSXPuN+Eqzb4eBX0S5oubSqXbK/xXa1Ne18Hj8f9pStxztHCE2gfboSp/dZRLSqfuLpRK2nDXDK+W9puocA==}
    dependencies:
      '@noble/hashes': 1.3.3
    dev: false

  /@noble/hashes@1.3.2:
    resolution: {integrity: sha512-MVC8EAQp7MvEcm30KWENFjgR+Mkmf+D189XJTkFIlwohU5hcBbn1ZkKq7KVTi2Hme3PMGF390DaL52beVrIihQ==}
    engines: {node: '>= 16'}
    dev: false

  /@noble/hashes@1.3.3:
    resolution: {integrity: sha512-V7/fPHgl+jsVPXqqeOzT8egNj2iBIVt+ECeMMG8TdcnTikP3oaBtUVqpT/gYCR68aEBJSF+XbYUxStjbFMqIIA==}
    engines: {node: '>= 16'}
    dev: false

  /@scure/base@1.1.5:
    resolution: {integrity: sha512-Brj9FiG2W1MRQSTB212YVPRrcbjkv48FoZi/u4l/zds/ieRrqsh7aUf6CLwkAq61oKXr/ZlTzlY66gLIj3TFTQ==}
    dev: false

  /@scure/bip32@1.3.2:
    resolution: {integrity: sha512-N1ZhksgwD3OBlwTv3R6KFEcPojl/W4ElJOeCZdi+vuI5QmTFwLq3OFf2zd2ROpKvxFdgZ6hUpb0dx9bVNEwYCA==}
    dependencies:
      '@noble/curves': 1.2.0
      '@noble/hashes': 1.3.3
      '@scure/base': 1.1.5
    dev: false

  /@scure/bip32@1.3.3:
    resolution: {integrity: sha512-LJaN3HwRbfQK0X1xFSi0Q9amqOgzQnnDngIt+ZlsBC3Bm7/nE7K0kwshZHyaru79yIVRv/e1mQAjZyuZG6jOFQ==}
    dependencies:
      '@noble/curves': 1.3.0
      '@noble/hashes': 1.3.3
      '@scure/base': 1.1.5
    dev: false

  /@scure/bip39@1.2.1:
    resolution: {integrity: sha512-Z3/Fsz1yr904dduJD0NpiyRHhRYHdcnyh73FZWiV+/qhWi83wNJ3NWolYqCEN+ZWsUz2TWwajJggcRE9r1zUYg==}
    dependencies:
      '@noble/hashes': 1.3.3
      '@scure/base': 1.1.5
    dev: false

  /@scure/bip39@1.2.2:
    resolution: {integrity: sha512-HYf9TUXG80beW+hGAt3TRM8wU6pQoYur9iNypTROm42dorCGmLnFe3eWjz3gOq6G62H2WRh0FCzAR1PI+29zIA==}
    dependencies:
      '@noble/hashes': 1.3.3
      '@scure/base': 1.1.5
    dev: false

  /@types/debug@4.1.12:
    resolution: {integrity: sha512-vIChWdVG3LG1SMxEvI/AK+FWJthlrqlTu7fbrlywTkkaONwk/UAGaULXRlf8vkzFBLVm0zkMdCquhL5aOjhXPQ==}
    dependencies:
      '@types/ms': 0.7.34
    dev: false

  /@types/ms@0.7.34:
    resolution: {integrity: sha512-nG96G3Wp6acyAgJqGasjODb+acrI7KltPiRxzHPXnP3NgI28bpQDRv53olbqGXbfcgF5aiiHmO3xpwEpS5Ld9g==}
    dev: false

  /@types/node@20.11.20:
    resolution: {integrity: sha512-7/rR21OS+fq8IyHTgtLkDK949uzsa6n8BkziAKtPVpugIkO6D+/ooXMvzXxDnZrmtXVfjb1bKQafYpb8s89LOg==}
    dependencies:
      undici-types: 5.26.5

  /@types/readable-stream@2.3.15:
    resolution: {integrity: sha512-oM5JSKQCcICF1wvGgmecmHldZ48OZamtMxcGGVICOJA8o8cahXC1zEVAif8iwoc5j8etxFaRFnf095+CDsuoFQ==}
    dependencies:
      '@types/node': 20.11.20
      safe-buffer: 5.1.2
    dev: false

  /abitype@1.0.0(typescript@5.3.3):
    resolution: {integrity: sha512-NMeMah//6bJ56H5XRj8QCV4AwuW6hB6zqz2LnhhLdcWVQOsXki6/Pn3APeqxCma62nXIcmZWdu1DlHWS74umVQ==}
    peerDependencies:
      typescript: '>=5.0.4'
      zod: ^3 >=3.22.0
    peerDependenciesMeta:
      typescript:
        optional: true
      zod:
        optional: true
    dependencies:
      typescript: 5.3.3
    dev: false

  /bigint-crypto-utils@3.3.0:
    resolution: {integrity: sha512-jOTSb+drvEDxEq6OuUybOAv/xxoh3cuYRUIPyu8sSHQNKM303UQ2R1DAo45o1AkcIXw6fzbaFI1+xGGdaXs2lg==}
    engines: {node: '>=14.0.0'}
    dev: false

  /debug@4.3.4:
    resolution: {integrity: sha512-PRWFHuSU3eDtQJPvnNY7Jcket1j0t5OuOsFzPPzsekD52Zl8qUfFIPEiswXqIvHWGVHOgX+7G/vCNNhehwxfkQ==}
    engines: {node: '>=6.0'}
    peerDependencies:
      supports-color: '*'
    peerDependenciesMeta:
      supports-color:
        optional: true
    dependencies:
      ms: 2.1.2
    dev: false

  /ethereum-cryptography@2.1.3:
    resolution: {integrity: sha512-BlwbIL7/P45W8FGW2r7LGuvoEZ+7PWsniMvQ4p5s2xCyw9tmaDlpfsN9HjAucbF+t/qpVHwZUisgfK24TCW8aA==}
    dependencies:
      '@noble/curves': 1.3.0
      '@noble/hashes': 1.3.3
      '@scure/bip32': 1.3.3
      '@scure/bip39': 1.2.2
    dev: false

  /inherits@2.0.4:
    resolution: {integrity: sha512-k/vGaX4/Yla3WzyMCvTQOXYeIHvqOKtnqBduzTHpzpQZzAskKMhZ2K+EnBiSM9zGSoIFeMpXKxa4dYeZIQqewQ==}
    dev: false

  /isows@1.0.3(ws@8.13.0):
    resolution: {integrity: sha512-2cKei4vlmg2cxEjm3wVSqn8pcoRF/LX/wpifuuNquFO4SQmPwarClT+SUCA2lt+l581tTeZIPIZuIDo2jWN1fg==}
    peerDependencies:
      ws: '*'
    dependencies:
      ws: 8.13.0
    dev: false

  /js-sdsl@4.4.2:
    resolution: {integrity: sha512-dwXFwByc/ajSV6m5bcKAPwe4yDDF6D614pxmIi5odytzxRlwqF6nwoiCek80Ixc7Cvma5awClxrzFtxCQvcM8w==}
    dev: false

  /lru-cache@10.2.0:
    resolution: {integrity: sha512-2bIM8x+VAf6JT4bKAljS1qUWgMsqZRPGJS6FSahIMPVvctcNhyVp7AJu7quxOW9jwkryBReKZY5tY5JYv2n/7Q==}
    engines: {node: 14 || >=16.14}
    dev: false

  /ms@2.1.2:
    resolution: {integrity: sha512-sGkPx+VjMtmA6MX27oA4FBFELFCZZ4S4XqeGOXCv68tT+jb3vk/RyaKWP0PTKyWtmLSM0b+adUTEvbs1PEaH2w==}
    dev: false

  /readable-stream@3.6.2:
    resolution: {integrity: sha512-9u/sniCrY3D5WdsERHzHE4G2YCXqoG5FTHUiCC4SIbr6XcLZBY05ya9EKjYek9O5xOAwjGq+1JdGBAS7Q9ScoA==}
    engines: {node: '>= 6'}
    dependencies:
      inherits: 2.0.4
      string_decoder: 1.3.0
      util-deprecate: 1.0.2
    dev: false

  /rust-verkle-wasm@0.0.1:
    resolution: {integrity: sha512-BN6fiTsxcd2dCECz/cHtGTt9cdLJR925nh7iAuRcj8ymKw7OOaPmCneQZ7JePOJ/ia27TjEL91VdOi88Yf+mcA==}
    dev: false

  /rustbn-wasm@0.2.0:
    resolution: {integrity: sha512-FThvYFNTqrEKGqXuseeg0zR7yROh/6U1617mCHF68OVqrN1tNKRN7Tdwy4WayPVsCmmK+eMxtIZX1qL6JxTkMg==}
    dependencies:
      '@scure/base': 1.1.5
    dev: false

  /safe-buffer@5.1.2:
    resolution: {integrity: sha512-Gd2UZBJDkXlY7GbJxfsE8/nvKkUEU1G38c1siN6QP6a9PT9MmHB8GnpscSmMJSoF8LOIrt8ud/wPtojys4G6+g==}
    dev: false

  /safe-buffer@5.2.1:
    resolution: {integrity: sha512-rp3So07KcdmmKbGvgaNxQSJr7bGVSVk5S9Eq1F+ppbRo70+YeaDxkw5Dd8NPN+GD6bjnYm2VuPuCXmpuYvmCXQ==}
    dev: false

  /string_decoder@1.3.0:
    resolution: {integrity: sha512-hkRX8U1WjJFd8LsDJ2yQ/wWWxaopEsABU1XfkM8A+j0+85JAGppt16cr1Whg6KIbb4okU6Mql6BOj+uup/wKeA==}
    dependencies:
      safe-buffer: 5.2.1
    dev: false

  /typescript@5.3.3:
    resolution: {integrity: sha512-pXWcraxM0uxAS+tN0AG/BF2TyqmHO014Z070UsJ+pFvYuRSq8KH8DmWpnbXe0pEPDHXZV3FcAbJkijJ5oNEnWw==}
    engines: {node: '>=14.17'}
    hasBin: true

  /undici-types@5.26.5:
    resolution: {integrity: sha512-JlCMO+ehdEIKqlFxk6IfVoAUVmgz7cU7zD/h9XZ0qzeosSHmUJVOzSQvvYSYWXkFXC+IfLKSIffhv0sVZup6pA==}

  /util-deprecate@1.0.2:
    resolution: {integrity: sha512-EPD5q1uXyFxJpCrLnCc1nHnq3gOa6DZBocAIiI2TaSCA7VCJ1UJDMagCzIkXNsUYfD1daK//LTEQ8xiIbrHtcw==}
    dev: false

  /viem@2.7.14(typescript@5.3.3):
    resolution: {integrity: sha512-5b1KB1gXli02GOQHZIUsRluNUwssl2t4hqdFAzyWPwJ744N83jAOBOjOkrGz7K3qMIv9b0GQt3DoZIErSQTPkQ==}
    peerDependencies:
      typescript: '>=5.0.4'
    peerDependenciesMeta:
      typescript:
        optional: true
    dependencies:
      '@adraffy/ens-normalize': 1.10.0
      '@noble/curves': 1.2.0
      '@noble/hashes': 1.3.2
      '@scure/bip32': 1.3.2
      '@scure/bip39': 1.2.1
      abitype: 1.0.0(typescript@5.3.3)
      isows: 1.0.3(ws@8.13.0)
      typescript: 5.3.3
      ws: 8.13.0
    transitivePeerDependencies:
      - bufferutil
      - utf-8-validate
      - zod
    dev: false

  /ws@8.13.0:
    resolution: {integrity: sha512-x9vcZYTrFPC7aSIbj7sRCYo7L/Xb8Iy+pW0ng0wt2vCJv7M9HOMy0UoN3rr+IFC7hb7vXoqS+P9ktyLLLhO+LA==}
    engines: {node: '>=10.0.0'}
    peerDependencies:
      bufferutil: ^4.0.1
      utf-8-validate: '>=5.0.2'
    peerDependenciesMeta:
      bufferutil:
        optional: true
      utf-8-validate:
        optional: true
    dev: false
